
Microsoft Visual Studio Solution File, Format Version 12.00
# Visual Studio Version 17
VisualStudioVersion = 17.14.36414.22 d17.14
MinimumVisualStudioVersion = 10.0.40219.1
Project("{FAE04EC0-301F-11D3-BF4B-00C04F79EFBC}") = "NavAI", "NavAI.csproj", "{EEC4CD01-D0A2-427A-AB48-5FF0BB9DB695}"
EndProject
Global
	GlobalSection(SolutionConfigurationPlatforms) = preSolution
		Debug|Any CPU = Debug|Any CPU
		Release|Any CPU = Release|Any CPU
	EndGlobalSection
	GlobalSection(ProjectConfigurationPlatforms) = postSolution
		{EEC4CD01-D0A2-427A-AB48-5FF0BB9DB695}.Debug|Any CPU.ActiveCfg = Debug|Any CPU
		{EEC4CD01-D0A2-427A-AB48-5FF0BB9DB695}.Debug|Any CPU.Build.0 = Debug|Any CPU
		{EEC4CD01-D0A2-427A-AB48-5FF0BB9DB695}.Release|Any CPU.ActiveCfg = Release|Any CPU
		{EEC4CD01-D0A2-427A-AB48-5FF0BB9DB695}.Release|Any CPU.Build.0 = Release|Any CPU
	EndGlobalSection
	GlobalSection(SolutionProperties) = preSolution
		HideSolutionNode = FALSE
	EndGlobalSection
	GlobalSection(ExtensibilityGlobals) = postSolution
		SolutionGuid = {0A321B5B-C0F5-463F-992F-ADE6BEF96FBC}
	EndGlobalSection
EndGlobal
